// !$*UTF8*$!
{
	archiveVersion = 1;
	classes = {
	};
	objectVersion = 50;
	objects = {

/* Begin PBXBuildFile section */
		1827675D209BEF4C0024F432 /* ANSDK.framework in Frameworks */ = {isa = PBXBuildFile; fileRef = 1827675C209BEF4C0024F432 /* ANSDK.framework */; };
		1827675E209BF58C0024F432 /* ANSDK.framework in Frameworks */ = {isa = PBXBuildFile; fileRef = 1827675C209BEF4C0024F432 /* ANSDK.framework */; };
		1827675F209BF58C0024F432 /* ANSDK.framework in Embed Frameworks */ = {isa = PBXBuildFile; fileRef = 1827675C209BEF4C0024F432 /* ANSDK.framework */; settings = {ATTRIBUTES = (CodeSignOnCopy, RemoveHeadersOnCopy, ); }; };
		1851E60D209B14A30084EA81 /* AppDelegate.m in Sources */ = {isa = PBXBuildFile; fileRef = 1851E60C209B14A30084EA81 /* AppDelegate.m */; };
		1851E610209B14A30084EA81 /* ViewController.m in Sources */ = {isa = PBXBuildFile; fileRef = 1851E60F209B14A30084EA81 /* ViewController.m */; };
		1851E613209B14A30084EA81 /* Main.storyboard in Resources */ = {isa = PBXBuildFile; fileRef = 1851E611209B14A30084EA81 /* Main.storyboard */; };
		1851E615209B14A40084EA81 /* Assets.xcassets in Resources */ = {isa = PBXBuildFile; fileRef = 1851E614209B14A40084EA81 /* Assets.xcassets */; };
		1851E618209B14A40084EA81 /* LaunchScreen.storyboard in Resources */ = {isa = PBXBuildFile; fileRef = 1851E616209B14A40084EA81 /* LaunchScreen.storyboard */; };
		1851E61B209B14A40084EA81 /* main.m in Sources */ = {isa = PBXBuildFile; fileRef = 1851E61A209B14A40084EA81 /* main.m */; };
/* End PBXBuildFile section */

/* Begin PBXCopyFilesBuildPhase section */
		18276760209BF58C0024F432 /* Embed Frameworks */ = {
			isa = PBXCopyFilesBuildPhase;
			buildActionMask = 2147483647;
			dstPath = "";
			dstSubfolderSpec = 10;
			files = (
				1827675F209BF58C0024F432 /* ANSDK.framework in Embed Frameworks */,
			);
			name = "Embed Frameworks";
			runOnlyForDeploymentPostprocessing = 0;
		};
/* End PBXCopyFilesBuildPhase section */

/* Begin PBXFileReference section */
		1827675C209BEF4C0024F432 /* ANSDK.framework */ = {isa = PBXFileReference; explicitFileType = wrapper.framework; path = ANSDK.framework; sourceTree = BUILT_PRODUCTS_DIR; };
		1851E608209B14A30084EA81 /* ANSDKTest.app */ = {isa = PBXFileReference; explicitFileType = wrapper.application; includeInIndex = 0; path = ANSDKTest.app; sourceTree = BUILT_PRODUCTS_DIR; };
		1851E60B209B14A30084EA81 /* AppDelegate.h */ = {isa = PBXFileReference; lastKnownFileType = sourcecode.c.h; path = AppDelegate.h; sourceTree = "<group>"; };
		1851E60C209B14A30084EA81 /* AppDelegate.m */ = {isa = PBXFileReference; lastKnownFileType = sourcecode.c.objc; path = AppDelegate.m; sourceTree = "<group>"; };
		1851E60E209B14A30084EA81 /* ViewController.h */ = {isa = PBXFileReference; lastKnownFileType = sourcecode.c.h; path = ViewController.h; sourceTree = "<group>"; };
		1851E60F209B14A30084EA81 /* ViewController.m */ = {isa = PBXFileReference; lastKnownFileType = sourcecode.c.objc; path = ViewController.m; sourceTree = "<group>"; };
		1851E612209B14A30084EA81 /* Base */ = {isa = PBXFileReference; lastKnownFileType = file.storyboard; name = Base; path = Base.lproj/Main.storyboard; sourceTree = "<group>"; };
		1851E614209B14A40084EA81 /* Assets.xcassets */ = {isa = PBXFileReference; lastKnownFileType = folder.assetcatalog; path = Assets.xcassets; sourceTree = "<group>"; };
		1851E617209B14A40084EA81 /* Base */ = {isa = PBXFileReference; lastKnownFileType = file.storyboard; name = Base; path = Base.lproj/LaunchScreen.storyboard; sourceTree = "<group>"; };
		1851E619209B14A40084EA81 /* Info.plist */ = {isa = PBXFileReference; lastKnownFileType = text.plist.xml; path = Info.plist; sourceTree = "<group>"; };
		1851E61A209B14A40084EA81 /* main.m */ = {isa = PBXFileReference; lastKnownFileType = sourcecode.c.objc; path = main.m; sourceTree = "<group>"; };
/* End PBXFileReference section */

/* Begin PBXFrameworksBuildPhase section */
		1851E605209B14A30084EA81 /* Frameworks */ = {
			isa = PBXFrameworksBuildPhase;
			buildActionMask = 2147483647;
			files = (
				1827675E209BF58C0024F432 /* ANSDK.framework in Frameworks */,
				1827675D209BEF4C0024F432 /* ANSDK.framework in Frameworks */,
			);
			runOnlyForDeploymentPostprocessing = 0;
		};
/* End PBXFrameworksBuildPhase section */

/* Begin PBXGroup section */
		1827675B209BEF4C0024F432 /* Frameworks */ = {
			isa = PBXGroup;
			children = (
				1827675C209BEF4C0024F432 /* ANSDK.framework */,
			);
			name = Frameworks;
			sourceTree = "<group>";
		};
		1851E5FF209B14A30084EA81 = {
			isa = PBXGroup;
			children = (
				1851E60A209B14A30084EA81 /* ANSDKTest */,
				1851E609209B14A30084EA81 /* Products */,
				1827675B209BEF4C0024F432 /* Frameworks */,
			);
			sourceTree = "<group>";
		};
		1851E609209B14A30084EA81 /* Products */ = {
			isa = PBXGroup;
			children = (
				1851E608209B14A30084EA81 /* ANSDKTest.app */,
			);
			name = Products;
			sourceTree = "<group>";
		};
		1851E60A209B14A30084EA81 /* ANSDKTest */ = {
			isa = PBXGroup;
			children = (
				1851E60B209B14A30084EA81 /* AppDelegate.h */,
				1851E60C209B14A30084EA81 /* AppDelegate.m */,
				1851E60E209B14A30084EA81 /* ViewController.h */,
				1851E60F209B14A30084EA81 /* ViewController.m */,
				1851E611209B14A30084EA81 /* Main.storyboard */,
				1851E614209B14A40084EA81 /* Assets.xcassets */,
				1851E616209B14A40084EA81 /* LaunchScreen.storyboard */,
				1851E619209B14A40084EA81 /* Info.plist */,
				1851E61A209B14A40084EA81 /* main.m */,
			);
			path = ANSDKTest;
			sourceTree = "<group>";
		};
/* End PBXGroup section */

/* Begin PBXNativeTarget section */
		1851E607209B14A30084EA81 /* ANSDKTest */ = {
			isa = PBXNativeTarget;
			buildConfigurationList = 1851E61E209B14A40084EA81 /* Build configuration list for PBXNativeTarget "ANSDKTest" */;
			buildPhases = (
				1851E604209B14A30084EA81 /* Sources */,
				1851E605209B14A30084EA81 /* Frameworks */,
				1851E606209B14A30084EA81 /* Resources */,
				18276760209BF58C0024F432 /* Embed Frameworks */,
			);
			buildRules = (
			);
			dependencies = (
			);
			name = ANSDKTest;
			productName = ANSDKTest;
			productReference = 1851E608209B14A30084EA81 /* ANSDKTest.app */;
			productType = "com.apple.product-type.application";
		};
/* End PBXNativeTarget section */

/* Begin PBXProject section */
		1851E600209B14A30084EA81 /* Project object */ = {
			isa = PBXProject;
			attributes = {
				LastUpgradeCheck = 0930;
				ORGANIZATIONNAME = zhuobest;
				TargetAttributes = {
					1851E607209B14A30084EA81 = {
						CreatedOnToolsVersion = 9.3;
					};
				};
			};
			buildConfigurationList = 1851E603209B14A30084EA81 /* Build configuration list for PBXProject "ANSDKTest" */;
			compatibilityVersion = "Xcode 9.3";
			developmentRegion = en;
			hasScannedForEncodings = 0;
			knownRegions = (
				en,
				Base,
			);
			mainGroup = 1851E5FF209B14A30084EA81;
			productRefGroup = 1851E609209B14A30084EA81 /* Products */;
			projectDirPath = "";
			projectRoot = "";
			targets = (
				1851E607209B14A30084EA81 /* ANSDKTest */,
			);
		};
/* End PBXProject section */

/* Begin PBXResourcesBuildPhase section */
		1851E606209B14A30084EA81 /* Resources */ = {
			isa = PBXResourcesBuildPhase;
			buildActionMask = 2147483647;
			files = (
				1851E618209B14A40084EA81 /* LaunchScreen.storyboard in Resources */,
				1851E615209B14A40084EA81 /* Assets.xcassets in Resources */,
				1851E613209B14A30084EA81 /* Main.storyboard in Resources */,
			);
			runOnlyForDeploymentPostprocessing = 0;
		};
/* End PBXResourcesBuildPhase section */

/* Begin PBXSourcesBuildPhase section */
		1851E604209B14A30084EA81 /* Sources */ = {
			isa = PBXSourcesBuildPhase;
			buildActionMask = 2147483647;
			files = (
				1851E610209B14A30084EA81 /* ViewController.m in Sources */,
				1851E61B209B14A40084EA81 /* main.m in Sources */,
				1851E60D209B14A30084EA81 /* AppDelegate.m in Sources */,
			);
			runOnlyForDeploymentPostprocessing = 0;
		};
/* End PBXSourcesBuildPhase section */

/* Begin PBXVariantGroup section */
		1851E611209B14A30084EA81 /* Main.storyboard */ = {
			isa = PBXVariantGroup;
			children = (
				1851E612209B14A30084EA81 /* Base */,
			);
			name = Main.storyboard;
			sourceTree = "<group>";
		};
		1851E616209B14A40084EA81 /* LaunchScreen.storyboard */ = {
			isa = PBXVariantGroup;
			children = (
				1851E617209B14A40084EA81 /* Base */,
			);
			name = LaunchScreen.storyboard;
			sourceTree = "<group>";
		};
/* End PBXVariantGroup section */

/* Begin XCBuildConfiguration section */
		1851E61C209B14A40084EA81 /* Debug */ = {
			isa = XCBuildConfiguration;
			buildSettings = {
				ALWAYS_SEARCH_USER_PATHS = NO;
				CLANG_ANALYZER_NONNULL = YES;
				CLANG_ANALYZER_NUMBER_OBJECT_CONVERSION = YES_AGGRESSIVE;
				CLANG_CXX_LANGUAGE_STANDARD = "gnu++14";
				CLANG_CXX_LIBRARY = "libc++";
				CLANG_ENABLE_MODULES = YES;
				CLANG_ENABLE_OBJC_ARC = YES;
				CLANG_ENABLE_OBJC_WEAK = YES;
				CLANG_WARN_BLOCK_CAPTURE_AUTORELEASING = YES;
				CLANG_WARN_BOOL_CONVERSION = YES;
				CLANG_WARN_COMMA = YES;
				CLANG_WARN_CONSTANT_CONVERSION = YES;
				CLANG_WARN_DEPRECATED_OBJC_IMPLEMENTATIONS = YES;
				CLANG_WARN_DIRECT_OBJC_ISA_USAGE = YES_ERROR;
				CLANG_WARN_DOCUMENTATION_COMMENTS = YES;
				CLANG_WARN_EMPTY_BODY = YES;
				CLANG_WARN_ENUM_CONVERSION = YES;
				CLANG_WARN_INFINITE_RECURSION = YES;
				CLANG_WARN_INT_CONVERSION = YES;
				CLANG_WARN_NON_LITERAL_NULL_CONVERSION = YES;
				CLANG_WARN_OBJC_IMPLICIT_RETAIN_SELF = YES;
				CLANG_WARN_OBJC_LITERAL_CONVERSION = YES;
				CLANG_WARN_OBJC_ROOT_CLASS = YES_ERROR;
				CLANG_WARN_RANGE_LOOP_ANALYSIS = YES;
				CLANG_WARN_STRICT_PROTOTYPES = YES;
				CLANG_WARN_SUSPICIOUS_MOVE = YES;
				CLANG_WARN_UNGUARDED_AVAILABILITY = YES_AGGRESSIVE;
				CLANG_WARN_UNREACHABLE_CODE = YES;
				CLANG_WARN__DUPLICATE_METHOD_MATCH = YES;
				CODE_SIGN_IDENTITY = "iPhone Developer";
				COPY_PHASE_STRIP = NO;
				DEBUG_INFORMATION_FORMAT = dwarf;
				ENABLE_STRICT_OBJC_MSGSEND = YES;
				ENABLE_TESTABILITY = YES;
				GCC_C_LANGUAGE_STANDARD = gnu11;
				GCC_DYNAMIC_NO_PIC = NO;
				GCC_NO_COMMON_BLOCKS = YES;
				GCC_OPTIMIZATION_LEVEL = 0;
				GCC_PREPROCESSOR_DEFINITIONS = (
					"DEBUG=1",
					"$(inherited)",
				);
				GCC_WARN_64_TO_32_BIT_CONVERSION = YES;
				GCC_WARN_ABOUT_RETURN_TYPE = YES_ERROR;
				GCC_WARN_UNDECLARED_SELECTOR = YES;
				GCC_WARN_UNINITIALIZED_AUTOS = YES_AGGRESSIVE;
				GCC_WARN_UNUSED_FUNCTION = YES;
				GCC_WARN_UNUSED_VARIABLE = YES;
				IPHONEOS_DEPLOYMENT_TARGET = 11.3;
				MTL_ENABLE_DEBUG_INFO = YES;
				ONLY_ACTIVE_ARCH = YES;
				SDKROOT = iphoneos;
			};
			name = Debug;
		};
		1851E61D209B14A40084EA81 /* Release */ = {
			isa = XCBuildConfiguration;
			buildSettings = {
				ALWAYS_SEARCH_USER_PATHS = NO;
				CLANG_ANALYZER_NONNULL = YES;
				CLANG_ANALYZER_NUMBER_OBJECT_CONVERSION = YES_AGGRESSIVE;
				CLANG_CXX_LANGUAGE_STANDARD = "gnu++14";
				CLANG_CXX_LIBRARY = "libc++";
				CLANG_ENABLE_MODULES = YES;
				CLANG_ENABLE_OBJC_ARC = YES;
				CLANG_ENABLE_OBJC_WEAK = YES;
				CLANG_WARN_BLOCK_CAPTURE_AUTORELEASING = YES;
				CLANG_WARN_BOOL_CONVERSION = YES;
				CLANG_WARN_COMMA = YES;
				CLANG_WARN_CONSTANT_CONVERSION = YES;
				CLANG_WARN_DEPRECATED_OBJC_IMPLEMENTATIONS = YES;
				CLANG_WARN_DIRECT_OBJC_ISA_USAGE = YES_ERROR;
				CLANG_WARN_DOCUMENTATION_COMMENTS = YES;
				CLANG_WARN_EMPTY_BODY = YES;
				CLANG_WARN_ENUM_CONVERSION = YES;
				CLANG_WARN_INFINITE_RECURSION = YES;
				CLANG_WARN_INT_CONVERSION = YES;
				CLANG_WARN_NON_LITERAL_NULL_CONVERSION = YES;
				CLANG_WARN_OBJC_IMPLICIT_RETAIN_SELF = YES;
				CLANG_WARN_OBJC_LITERAL_CONVERSION = YES;
				CLANG_WARN_OBJC_ROOT_CLASS = YES_ERROR;
				CLANG_WARN_RANGE_LOOP_ANALYSIS = YES;
				CLANG_WARN_STRICT_PROTOTYPES = YES;
				CLANG_WARN_SUSPICIOUS_MOVE = YES;
				CLANG_WARN_UNGUARDED_AVAILABILITY = YES_AGGRESSIVE;
				CLANG_WARN_UNREACHABLE_CODE = YES;
				CLANG_WARN__DUPLICATE_METHOD_MATCH = YES;
				CODE_SIGN_IDENTITY = "iPhone Developer";
				COPY_PHASE_STRIP = NO;
				DEBUG_INFORMATION_FORMAT = "dwarf-with-dsym";
				ENABLE_NS_ASSERTIONS = NO;
				ENABLE_STRICT_OBJC_MSGSEND = YES;
				GCC_C_LANGUAGE_STANDARD = gnu11;
				GCC_NO_COMMON_BLOCKS = YES;
				GCC_WARN_64_TO_32_BIT_CONVERSION = YES;
				GCC_WARN_ABOUT_RETURN_TYPE = YES_ERROR;
				GCC_WARN_UNDECLARED_SELECTOR = YES;
				GCC_WARN_UNINITIALIZED_AUTOS = YES_AGGRESSIVE;
				GCC_WARN_UNUSED_FUNCTION = YES;
				GCC_WARN_UNUSED_VARIABLE = YES;
				IPHONEOS_DEPLOYMENT_TARGET = 11.3;
				MTL_ENABLE_DEBUG_INFO = NO;
				SDKROOT = iphoneos;
				VALIDATE_PRODUCT = YES;
			};
			name = Release;
		};
		1851E61F209B14A40084EA81 /* Debug */ = {
			isa = XCBuildConfiguration;
			buildSettings = {
				ASSETCATALOG_COMPILER_APPICON_NAME = AppIcon;
				CODE_SIGN_STYLE = Automatic;
				DEVELOPMENT_TEAM = CLNA2JLHF6;
				HEADER_SEARCH_PATHS = "$(SRCROOT)/../ANSDK";
				INFOPLIST_FILE = ANSDKTest/Info.plist;
				LD_RUNPATH_SEARCH_PATHS = (
					"$(inherited)",
					"@executable_path/Frameworks",
				);
				PRODUCT_BUNDLE_IDENTIFIER = com.zhuobest.ANSDKTest;
				PRODUCT_NAME = "$(TARGET_NAME)";
				TARGETED_DEVICE_FAMILY = "1,2";
			};
			name = Debug;
		};
		1851E620209B14A40084EA81 /* Release */ = {
			isa = XCBuildConfiguration;
			buildSettings = {
				ASSETCATALOG_COMPILER_APPICON_NAME = AppIcon;
				CODE_SIGN_STYLE = Automatic;
				DEVELOPMENT_TEAM = CLNA2JLHF6;
				HEADER_SEARCH_PATHS = "$(SRCROOT)/../ANSDK";
				INFOPLIST_FILE = ANSDKTest/Info.plist;
				LD_RUNPATH_SEARCH_PATHS = (
					"$(inherited)",
					"@executable_path/Frameworks",
				);
				PRODUCT_BUNDLE_IDENTIFIER = com.zhuobest.ANSDKTest;
				PRODUCT_NAME = "$(TARGET_NAME)";
				TARGETED_DEVICE_FAMILY = "1,2";
			};
			name = Release;
		};
/* End XCBuildConfiguration section */

/* Begin XCConfigurationList section */
		1851E603209B14A30084EA81 /* Build configuration list for PBXProject "ANSDKTest" */ = {
			isa = XCConfigurationList;
			buildConfigurations = (
				1851E61C209B14A40084EA81 /* Debug */,
				1851E61D209B14A40084EA81 /* Release */,
			);
			defaultConfigurationIsVisible = 0;
			defaultConfigurationName = Release;
		};
		1851E61E209B14A40084EA81 /* Build configuration list for PBXNativeTarget "ANSDKTest" */ = {
			isa = XCConfigurationList;
			buildConfigurations = (
				1851E61F209B14A40084EA81 /* Debug */,
				1851E620209B14A40084EA81 /* Release */,
			);
			defaultConfigurationIsVisible = 0;
			defaultConfigurationName = Release;
		};
/* End XCConfigurationList section */
	};
	rootObject = 1851E600209B14A30084EA81 /* Project object */;
}
